# This file is automatically @generated by Cargo.
# It is not intended for manual editing.
version = 4

[[package]]
name = "tetrix"
version = "0.0.1"

[[package]]
name = "tetrix-api"
version = "0.0.1"

[[package]]
name = "tetrix-contracts"
version = "0.0.1"

[[package]]
name = "tetrix-models"
version = "0.0.1"

[[package]]
name = "tetrix-namespace"
version = "0.0.1"

[[package]]
name = "tetrix-types"
version = "0.0.1"
